
Microsoft Visual Studio Solution File, Format Version 11.00
# Visual Studio 2010
Project("{FAE04EC0-301F-11D3-BF4B-00C04F79EFBC}") = "UniRx", "UniRx.csproj", "{538cf175-570e-2cd0-b354-aa8578c07945}"
EndProject
Project("{FAE04EC0-301F-11D3-BF4B-00C04F79EFBC}") = "Assembly-CSharp", "Assembly-CSharp.csproj", "{c782c604-235d-aa90-ed0d-4dba891b737e}"
EndProject
Project("{FAE04EC0-301F-11D3-BF4B-00C04F79EFBC}") = "UniRx.Examples", "UniRx.Examples.csproj", "{7068ee53-c2da-93c4-34f7-f73c6e65b123}"
EndProject
Project("{FAE04EC0-301F-11D3-BF4B-00C04F79EFBC}") = "NavMeshComponents", "NavMeshComponents.csproj", "{8c6ad765-0a92-ad79-c027-0b3c12cf88f4}"
EndProject
Project("{FAE04EC0-301F-11D3-BF4B-00C04F79EFBC}") = "NavMeshComponentsEditor", "NavMeshComponentsEditor.csproj", "{d3e34784-843f-f40e-6fda-7ea90f2109f1}"
EndProject
Global
	GlobalSection(SolutionConfigurationPlatforms) = preSolution
		Debug|Any CPU = Debug|Any CPU
	EndGlobalSection
	GlobalSection(ProjectConfigurationPlatforms) = postSolution
		{538cf175-570e-2cd0-b354-aa8578c07945}.Debug|Any CPU.ActiveCfg = Debug|Any CPU
		{538cf175-570e-2cd0-b354-aa8578c07945}.Debug|Any CPU.Build.0 = Debug|Any CPU
		{c782c604-235d-aa90-ed0d-4dba891b737e}.Debug|Any CPU.ActiveCfg = Debug|Any CPU
		{c782c604-235d-aa90-ed0d-4dba891b737e}.Debug|Any CPU.Build.0 = Debug|Any CPU
		{7068ee53-c2da-93c4-34f7-f73c6e65b123}.Debug|Any CPU.ActiveCfg = Debug|Any CPU
		{7068ee53-c2da-93c4-34f7-f73c6e65b123}.Debug|Any CPU.Build.0 = Debug|Any CPU
		{8c6ad765-0a92-ad79-c027-0b3c12cf88f4}.Debug|Any CPU.ActiveCfg = Debug|Any CPU
		{8c6ad765-0a92-ad79-c027-0b3c12cf88f4}.Debug|Any CPU.Build.0 = Debug|Any CPU
		{d3e34784-843f-f40e-6fda-7ea90f2109f1}.Debug|Any CPU.ActiveCfg = Debug|Any CPU
		{d3e34784-843f-f40e-6fda-7ea90f2109f1}.Debug|Any CPU.Build.0 = Debug|Any CPU
	EndGlobalSection
	GlobalSection(SolutionProperties) = preSolution
		HideSolutionNode = FALSE
	EndGlobalSection
EndGlobal
